// !$*UTF8*$!
{
	archiveVersion = 1;
	classes = {
	};
	objectVersion = 46;
	objects = {

/* Begin PBXBuildFile section */
		8D8BAF101F26048700F71379 /* AppDelegate.swift in Sources */ = {isa = PBXBuildFile; fileRef = 8D8BAF0F1F26048700F71379 /* AppDelegate.swift */; };
		8D8BAF121F26048700F71379 /* ViewController.swift in Sources */ = {isa = PBXBuildFile; fileRef = 8D8BAF111F26048700F71379 /* ViewController.swift */; };
		8D8BAF151F26048700F71379 /* Main.storyboard in Resources */ = {isa = PBXBuildFile; fileRef = 8D8BAF131F26048700F71379 /* Main.storyboard */; };
		8D8BAF171F26048700F71379 /* Assets.xcassets in Resources */ = {isa = PBXBuildFile; fileRef = 8D8BAF161F26048700F71379 /* Assets.xcassets */; };
		8D8BAF1A1F26048700F71379 /* LaunchScreen.storyboard in Resources */ = {isa = PBXBuildFile; fileRef = 8D8BAF181F26048700F71379 /* LaunchScreen.storyboard */; };
/* End PBXBuildFile section */

/* Begin PBXFileReference section */
		8D8BAF0C1F26048700F71379 /* Local Notifications2 F.app */ = {isa = PBXFileReference; explicitFileType = wrapper.application; includeInIndex = 0; path = "Local Notifications2 F.app"; sourceTree = BUILT_PRODUCTS_DIR; };
		8D8BAF0F1F26048700F71379 /* AppDelegate.swift */ = {isa = PBXFileReference; lastKnownFileType = sourcecode.swift; path = AppDelegate.swift; sourceTree = "<group>"; };
		8D8BAF111F26048700F71379 /* ViewController.swift */ = {isa = PBXFileReference; lastKnownFileType = sourcecode.swift; path = ViewController.swift; sourceTree = "<group>"; };
		8D8BAF141F26048700F71379 /* Base */ = {isa = PBXFileReference; lastKnownFileType = file.storyboard; name = Base; path = Base.lproj/Main.storyboard; sourceTree = "<group>"; };
		8D8BAF161F26048700F71379 /* Assets.xcassets */ = {isa = PBXFileReference; lastKnownFileType = folder.assetcatalog; path = Assets.xcassets; sourceTree = "<group>"; };
		8D8BAF191F26048700F71379 /* Base */ = {isa = PBXFileReference; lastKnownFileType = file.storyboard; name = Base; path = Base.lproj/LaunchScreen.storyboard; sourceTree = "<group>"; };
		8D8BAF1B1F26048700F71379 /* Info.plist */ = {isa = PBXFileReference; lastKnownFileType = text.plist.xml; path = Info.plist; sourceTree = "<group>"; };
/* End PBXFileReference section */

/* Begin PBXFrameworksBuildPhase section */
		8D8BAF091F26048700F71379 /* Frameworks */ = {
			isa = PBXFrameworksBuildPhase;
			buildActionMask = 2147483647;
			files = (
			);
			runOnlyForDeploymentPostprocessing = 0;
		};
/* End PBXFrameworksBuildPhase section */

/* Begin PBXGroup section */
		8D8BAF031F26048700F71379 = {
			isa = PBXGroup;
			children = (
				8D8BAF0E1F26048700F71379 /* Local Notifications2 F */,
				8D8BAF0D1F26048700F71379 /* Products */,
			);
			sourceTree = "<group>";
		};
		8D8BAF0D1F26048700F71379 /* Products */ = {
			isa = PBXGroup;
			children = (
				8D8BAF0C1F26048700F71379 /* Local Notifications2 F.app */,
			);
			name = Products;
			sourceTree = "<group>";
		};
		8D8BAF0E1F26048700F71379 /* Local Notifications2 F */ = {
			isa = PBXGroup;
			children = (
				8D8BAF0F1F26048700F71379 /* AppDelegate.swift */,
				8D8BAF111F26048700F71379 /* ViewController.swift */,
				8D8BAF131F26048700F71379 /* Main.storyboard */,
				8D8BAF161F26048700F71379 /* Assets.xcassets */,
				8D8BAF181F26048700F71379 /* LaunchScreen.storyboard */,
				8D8BAF1B1F26048700F71379 /* Info.plist */,
			);
			path = "Local Notifications2 F";
			sourceTree = "<group>";
		};
/* End PBXGroup section */

/* Begin PBXNativeTarget section */
		8D8BAF0B1F26048700F71379 /* Local Notifications2 F */ = {
			isa = PBXNativeTarget;
			buildConfigurationList = 8D8BAF1E1F26048700F71379 /* Build configuration list for PBXNativeTarget "Local Notifications2 F" */;
			buildPhases = (
				8D8BAF081F26048700F71379 /* Sources */,
				8D8BAF091F26048700F71379 /* Frameworks */,
				8D8BAF0A1F26048700F71379 /* Resources */,
			);
			buildRules = (
			);
			dependencies = (
			);
			name = "Local Notifications2 F";
			productName = "Local Notifications2 F";
			productReference = 8D8BAF0C1F26048700F71379 /* Local Notifications2 F.app */;
			productType = "com.apple.product-type.application";
		};
/* End PBXNativeTarget section */

/* Begin PBXProject section */
		8D8BAF041F26048700F71379 /* Project object */ = {
			isa = PBXProject;
			attributes = {
				LastSwiftUpdateCheck = 0830;
				LastUpgradeCheck = 0830;
				ORGANIZATIONNAME = "Fausto Checa";
				TargetAttributes = {
					8D8BAF0B1F26048700F71379 = {
						CreatedOnToolsVersion = 8.3.3;
						ProvisioningStyle = Automatic;
					};
				};
			};
			buildConfigurationList = 8D8BAF071F26048700F71379 /* Build configuration list for PBXProject "Local Notifications2 F" */;
			compatibilityVersion = "Xcode 3.2";
			developmentRegion = English;
			hasScannedForEncodings = 0;
			knownRegions = (
				en,
				Base,
			);
			mainGroup = 8D8BAF031F26048700F71379;
			productRefGroup = 8D8BAF0D1F26048700F71379 /* Products */;
			projectDirPath = "";
			projectRoot = "";
			targets = (
				8D8BAF0B1F26048700F71379 /* Local Notifications2 F */,
			);
		};
/* End PBXProject section */

/* Begin PBXResourcesBuildPhase section */
		8D8BAF0A1F26048700F71379 /* Resources */ = {
			isa = PBXResourcesBuildPhase;
			buildActionMask = 2147483647;
			files = (
				8D8BAF1A1F26048700F71379 /* LaunchScreen.storyboard in Resources */,
				8D8BAF171F26048700F71379 /* Assets.xcassets in Resources */,
				8D8BAF151F26048700F71379 /* Main.storyboard in Resources */,
			);
			runOnlyForDeploymentPostprocessing = 0;
		};
/* End PBXResourcesBuildPhase section */

/* Begin PBXSourcesBuildPhase section */
		8D8BAF081F26048700F71379 /* Sources */ = {
			isa = PBXSourcesBuildPhase;
			buildActionMask = 2147483647;
			files = (
				8D8BAF121F26048700F71379 /* ViewController.swift in Sources */,
				8D8BAF101F26048700F71379 /* AppDelegate.swift in Sources */,
			);
			runOnlyForDeploymentPostprocessing = 0;
		};
/* End PBXSourcesBuildPhase section */

/* Begin PBXVariantGroup section */
		8D8BAF131F26048700F71379 /* Main.storyboard */ = {
			isa = PBXVariantGroup;
			children = (
				8D8BAF141F26048700F71379 /* Base */,
			);
			name = Main.storyboard;
			sourceTree = "<group>";
		};
		8D8BAF181F26048700F71379 /* LaunchScreen.storyboard */ = {
			isa = PBXVariantGroup;
			children = (
				8D8BAF191F26048700F71379 /* Base */,
			);
			name = LaunchScreen.storyboard;
			sourceTree = "<group>";
		};
/* End PBXVariantGroup section */

/* Begin XCBuildConfiguration section */
		8D8BAF1C1F26048700F71379 /* Debug */ = {
			isa = XCBuildConfiguration;
			buildSettings = {
				ALWAYS_SEARCH_USER_PATHS = NO;
				CLANG_ANALYZER_NONNULL = YES;
				CLANG_ANALYZER_NUMBER_OBJECT_CONVERSION = YES_AGGRESSIVE;
				CLANG_CXX_LANGUAGE_STANDARD = "gnu++0x";
				CLANG_CXX_LIBRARY = "libc++";
				CLANG_ENABLE_MODULES = YES;
				CLANG_ENABLE_OBJC_ARC = YES;
				CLANG_WARN_BOOL_CONVERSION = YES;
				CLANG_WARN_CONSTANT_CONVERSION = YES;
				CLANG_WARN_DIRECT_OBJC_ISA_USAGE = YES_ERROR;
				CLANG_WARN_DOCUMENTATION_COMMENTS = YES;
				CLANG_WARN_EMPTY_BODY = YES;
				CLANG_WARN_ENUM_CONVERSION = YES;
				CLANG_WARN_INFINITE_RECURSION = YES;
				CLANG_WARN_INT_CONVERSION = YES;
				CLANG_WARN_OBJC_ROOT_CLASS = YES_ERROR;
				CLANG_WARN_SUSPICIOUS_MOVE = YES;
				CLANG_WARN_UNREACHABLE_CODE = YES;
				CLANG_WARN__DUPLICATE_METHOD_MATCH = YES;
				"CODE_SIGN_IDENTITY[sdk=iphoneos*]" = "iPhone Developer";
				COPY_PHASE_STRIP = NO;
				DEBUG_INFORMATION_FORMAT = dwarf;
				ENABLE_STRICT_OBJC_MSGSEND = YES;
				ENABLE_TESTABILITY = YES;
				GCC_C_LANGUAGE_STANDARD = gnu99;
				GCC_DYNAMIC_NO_PIC = NO;
				GCC_NO_COMMON_BLOCKS = YES;
				GCC_OPTIMIZATION_LEVEL = 0;
				GCC_PREPROCESSOR_DEFINITIONS = (
					"DEBUG=1",
					"$(inherited)",
				);
				GCC_WARN_64_TO_32_BIT_CONVERSION = YES;
				GCC_WARN_ABOUT_RETURN_TYPE = YES_ERROR;
				GCC_WARN_UNDECLARED_SELECTOR = YES;
				GCC_WARN_UNINITIALIZED_AUTOS = YES_AGGRESSIVE;
				GCC_WARN_UNUSED_FUNCTION = YES;
				GCC_WARN_UNUSED_VARIABLE = YES;
				IPHONEOS_DEPLOYMENT_TARGET = 10.3;
				MTL_ENABLE_DEBUG_INFO = YES;
				ONLY_ACTIVE_ARCH = YES;
				SDKROOT = iphoneos;
				SWIFT_ACTIVE_COMPILATION_CONDITIONS = DEBUG;
				SWIFT_OPTIMIZATION_LEVEL = "-Onone";
				TARGETED_DEVICE_FAMILY = "1,2";
			};
			name = Debug;
		};
		8D8BAF1D1F26048700F71379 /* Release */ = {
			isa = XCBuildConfiguration;
			buildSettings = {
				ALWAYS_SEARCH_USER_PATHS = NO;
				CLANG_ANALYZER_NONNULL = YES;
				CLANG_ANALYZER_NUMBER_OBJECT_CONVERSION = YES_AGGRESSIVE;
				CLANG_CXX_LANGUAGE_STANDARD = "gnu++0x";
				CLANG_CXX_LIBRARY = "libc++";
				CLANG_ENABLE_MODULES = YES;
				CLANG_ENABLE_OBJC_ARC = YES;
				CLANG_WARN_BOOL_CONVERSION = YES;
				CLANG_WARN_CONSTANT_CONVERSION = YES;
				CLANG_WARN_DIRECT_OBJC_ISA_USAGE = YES_ERROR;
				CLANG_WARN_DOCUMENTATION_COMMENTS = YES;
				CLANG_WARN_EMPTY_BODY = YES;
				CLANG_WARN_ENUM_CONVERSION = YES;
				CLANG_WARN_INFINITE_RECURSION = YES;
				CLANG_WARN_INT_CONVERSION = YES;
				CLANG_WARN_OBJC_ROOT_CLASS = YES_ERROR;
				CLANG_WARN_SUSPICIOUS_MOVE = YES;
				CLANG_WARN_UNREACHABLE_CODE = YES;
				CLANG_WARN__DUPLICATE_METHOD_MATCH = YES;
				"CODE_SIGN_IDENTITY[sdk=iphoneos*]" = "iPhone Developer";
				COPY_PHASE_STRIP = NO;
				DEBUG_INFORMATION_FORMAT = "dwarf-with-dsym";
				ENABLE_NS_ASSERTIONS = NO;
				ENABLE_STRICT_OBJC_MSGSEND = YES;
				GCC_C_LANGUAGE_STANDARD = gnu99;
				GCC_NO_COMMON_BLOCKS = YES;
				GCC_WARN_64_TO_32_BIT_CONVERSION = YES;
				GCC_WARN_ABOUT_RETURN_TYPE = YES_ERROR;
				GCC_WARN_UNDECLARED_SELECTOR = YES;
				GCC_WARN_UNINITIALIZED_AUTOS = YES_AGGRESSIVE;
				GCC_WARN_UNUSED_FUNCTION = YES;
				GCC_WARN_UNUSED_VARIABLE = YES;
				IPHONEOS_DEPLOYMENT_TARGET = 10.3;
				MTL_ENABLE_DEBUG_INFO = NO;
				SDKROOT = iphoneos;
				SWIFT_OPTIMIZATION_LEVEL = "-Owholemodule";
				TARGETED_DEVICE_FAMILY = "1,2";
				VALIDATE_PRODUCT = YES;
			};
			name = Release;
		};
		8D8BAF1F1F26048700F71379 /* Debug */ = {
			isa = XCBuildConfiguration;
			buildSettings = {
				ASSETCATALOG_COMPILER_APPICON_NAME = AppIcon;
				INFOPLIST_FILE = "Local Notifications2 F/Info.plist";
				LD_RUNPATH_SEARCH_PATHS = "$(inherited) @executable_path/Frameworks";
				PRODUCT_BUNDLE_IDENTIFIER = "com.economia.quiz.stacker.Local-Notifications2-F";
				PRODUCT_NAME = "$(TARGET_NAME)";
				SWIFT_VERSION = 3.0;
			};
			name = Debug;
		};
		8D8BAF201F26048700F71379 /* Release */ = {
			isa = XCBuildConfiguration;
			buildSettings = {
				ASSETCATALOG_COMPILER_APPICON_NAME = AppIcon;
				INFOPLIST_FILE = "Local Notifications2 F/Info.plist";
				LD_RUNPATH_SEARCH_PATHS = "$(inherited) @executable_path/Frameworks";
				PRODUCT_BUNDLE_IDENTIFIER = "com.economia.quiz.stacker.Local-Notifications2-F";
				PRODUCT_NAME = "$(TARGET_NAME)";
				SWIFT_VERSION = 3.0;
			};
			name = Release;
		};
/* End XCBuildConfiguration section */

/* Begin XCConfigurationList section */
		8D8BAF071F26048700F71379 /* Build configuration list for PBXProject "Local Notifications2 F" */ = {
			isa = XCConfigurationList;
			buildConfigurations = (
				8D8BAF1C1F26048700F71379 /* Debug */,
				8D8BAF1D1F26048700F71379 /* Release */,
			);
			defaultConfigurationIsVisible = 0;
			defaultConfigurationName = Release;
		};
		8D8BAF1E1F26048700F71379 /* Build configuration list for PBXNativeTarget "Local Notifications2 F" */ = {
			isa = XCConfigurationList;
			buildConfigurations = (
				8D8BAF1F1F26048700F71379 /* Debug */,
				8D8BAF201F26048700F71379 /* Release */,
			);
			defaultConfigurationIsVisible = 0;
		};
/* End XCConfigurationList section */
	};
	rootObject = 8D8BAF041F26048700F71379 /* Project object */;
}
